
Microsoft Visual Studio Solution File, Format Version 12.00
# Visual Studio Version 16
VisualStudioVersion = 16.0.29806.167
MinimumVisualStudioVersion = 10.0.40219.1
Project("{FAE04EC0-301F-11D3-BF4B-00C04F79EFBC}") = "Aura", "Aura\Aura.csproj", "{92B51541-A68D-404D-B9C0-4F7B16B436BC}"
EndProject
Project("{9A19103F-16F7-4668-BE54-9A1E7A4F7556}") = "Aura.Core", "Aura.Core\Aura.Core.csproj", "{6E52B6C9-3647-4D17-B2D0-2D606C6B0297}"
EndProject
Project("{9A19103F-16F7-4668-BE54-9A1E7A4F7556}") = "Aura.Tests", "Aura.Tests\Aura.Tests.csproj", "{AAD890F0-090D-46D0-A64A-45882EA81F3C}"
EndProject
Project("{9A19103F-16F7-4668-BE54-9A1E7A4F7556}") = "Aura.Hue", "Aura.Hue\Aura.Hue.csproj", "{5B44C21E-95F7-4B96-A923-4149B742A296}"
EndProject
Project("{9A19103F-16F7-4668-BE54-9A1E7A4F7556}") = "Aura.Functions", "Aura.Functions\Aura.Functions.csproj", "{F60F56C6-D202-4A47-A782-4FB2463CA483}"
EndProject
Project("{9A19103F-16F7-4668-BE54-9A1E7A4F7556}") = "Aura.Service.Core", "Aura.Service.Core\Aura.Service.Core.csproj", "{989FD3C3-88D9-437B-AC9F-532990245F57}"
EndProject
Project("{2150E333-8FDC-42A3-9474-1A3956D46DE8}") = "Solution Items", "Solution Items", "{E41A47CB-B827-4A96-8EB6-814B89F9E32C}"
	ProjectSection(SolutionItems) = preProject
		.editorconfig = .editorconfig
	EndProjectSection
EndProject
Project("{9A19103F-16F7-4668-BE54-9A1E7A4F7556}") = "Aura.FreeSound", "Aura.FreeSound\Aura.FreeSound.csproj", "{79988150-618D-48B4-B03E-41256CE50096}"
EndProject
Project("{9A19103F-16F7-4668-BE54-9A1E7A4F7556}") = "Aura.Data", "Aura.Data\Aura.Data.csproj", "{E51C1DD9-D483-408B-BEC8-D2A7B0470ECC}"
EndProject
Global
	GlobalSection(SolutionConfigurationPlatforms) = preSolution
		Debug|Any CPU = Debug|Any CPU
		Debug|ARM = Debug|ARM
		Debug|ARM64 = Debug|ARM64
		Debug|x64 = Debug|x64
		Debug|x86 = Debug|x86
		Release|Any CPU = Release|Any CPU
		Release|ARM = Release|ARM
		Release|ARM64 = Release|ARM64
		Release|x64 = Release|x64
		Release|x86 = Release|x86
	EndGlobalSection
	GlobalSection(ProjectConfigurationPlatforms) = postSolution
		{92B51541-A68D-404D-B9C0-4F7B16B436BC}.Debug|Any CPU.ActiveCfg = Debug|x86
		{92B51541-A68D-404D-B9C0-4F7B16B436BC}.Debug|ARM.ActiveCfg = Debug|ARM
		{92B51541-A68D-404D-B9C0-4F7B16B436BC}.Debug|ARM.Build.0 = Debug|ARM
		{92B51541-A68D-404D-B9C0-4F7B16B436BC}.Debug|ARM.Deploy.0 = Debug|ARM
		{92B51541-A68D-404D-B9C0-4F7B16B436BC}.Debug|ARM64.ActiveCfg = Debug|ARM64
		{92B51541-A68D-404D-B9C0-4F7B16B436BC}.Debug|ARM64.Build.0 = Debug|ARM64
		{92B51541-A68D-404D-B9C0-4F7B16B436BC}.Debug|ARM64.Deploy.0 = Debug|ARM64
		{92B51541-A68D-404D-B9C0-4F7B16B436BC}.Debug|x64.ActiveCfg = Debug|x64
		{92B51541-A68D-404D-B9C0-4F7B16B436BC}.Debug|x64.Build.0 = Debug|x64
		{92B51541-A68D-404D-B9C0-4F7B16B436BC}.Debug|x64.Deploy.0 = Debug|x64
		{92B51541-A68D-404D-B9C0-4F7B16B436BC}.Debug|x86.ActiveCfg = Debug|x86
		{92B51541-A68D-404D-B9C0-4F7B16B436BC}.Debug|x86.Build.0 = Debug|x86
		{92B51541-A68D-404D-B9C0-4F7B16B436BC}.Debug|x86.Deploy.0 = Debug|x86
		{92B51541-A68D-404D-B9C0-4F7B16B436BC}.Release|Any CPU.ActiveCfg = Release|x86
		{92B51541-A68D-404D-B9C0-4F7B16B436BC}.Release|ARM.ActiveCfg = Release|ARM
		{92B51541-A68D-404D-B9C0-4F7B16B436BC}.Release|ARM.Build.0 = Release|ARM
		{92B51541-A68D-404D-B9C0-4F7B16B436BC}.Release|ARM.Deploy.0 = Release|ARM
		{92B51541-A68D-404D-B9C0-4F7B16B436BC}.Release|ARM64.ActiveCfg = Release|ARM64
		{92B51541-A68D-404D-B9C0-4F7B16B436BC}.Release|ARM64.Build.0 = Release|ARM64
		{92B51541-A68D-404D-B9C0-4F7B16B436BC}.Release|ARM64.Deploy.0 = Release|ARM64
		{92B51541-A68D-404D-B9C0-4F7B16B436BC}.Release|x64.ActiveCfg = Release|x64
		{92B51541-A68D-404D-B9C0-4F7B16B436BC}.Release|x64.Build.0 = Release|x64
		{92B51541-A68D-404D-B9C0-4F7B16B436BC}.Release|x64.Deploy.0 = Release|x64
		{92B51541-A68D-404D-B9C0-4F7B16B436BC}.Release|x86.ActiveCfg = Release|x86
		{92B51541-A68D-404D-B9C0-4F7B16B436BC}.Release|x86.Build.0 = Release|x86
		{92B51541-A68D-404D-B9C0-4F7B16B436BC}.Release|x86.Deploy.0 = Release|x86
		{6E52B6C9-3647-4D17-B2D0-2D606C6B0297}.Debug|Any CPU.ActiveCfg = Debug|Any CPU
		{6E52B6C9-3647-4D17-B2D0-2D606C6B0297}.Debug|Any CPU.Build.0 = Debug|Any CPU
		{6E52B6C9-3647-4D17-B2D0-2D606C6B0297}.Debug|ARM.ActiveCfg = Debug|Any CPU
		{6E52B6C9-3647-4D17-B2D0-2D606C6B0297}.Debug|ARM.Build.0 = Debug|Any CPU
		{6E52B6C9-3647-4D17-B2D0-2D606C6B0297}.Debug|ARM64.ActiveCfg = Debug|Any CPU
		{6E52B6C9-3647-4D17-B2D0-2D606C6B0297}.Debug|ARM64.Build.0 = Debug|Any CPU
		{6E52B6C9-3647-4D17-B2D0-2D606C6B0297}.Debug|x64.ActiveCfg = Debug|Any CPU
		{6E52B6C9-3647-4D17-B2D0-2D606C6B0297}.Debug|x64.Build.0 = Debug|Any CPU
		{6E52B6C9-3647-4D17-B2D0-2D606C6B0297}.Debug|x86.ActiveCfg = Debug|Any CPU
		{6E52B6C9-3647-4D17-B2D0-2D606C6B0297}.Debug|x86.Build.0 = Debug|Any CPU
		{6E52B6C9-3647-4D17-B2D0-2D606C6B0297}.Release|Any CPU.ActiveCfg = Release|Any CPU
		{6E52B6C9-3647-4D17-B2D0-2D606C6B0297}.Release|Any CPU.Build.0 = Release|Any CPU
		{6E52B6C9-3647-4D17-B2D0-2D606C6B0297}.Release|ARM.ActiveCfg = Release|Any CPU
		{6E52B6C9-3647-4D17-B2D0-2D606C6B0297}.Release|ARM.Build.0 = Release|Any CPU
		{6E52B6C9-3647-4D17-B2D0-2D606C6B0297}.Release|ARM64.ActiveCfg = Release|Any CPU
		{6E52B6C9-3647-4D17-B2D0-2D606C6B0297}.Release|ARM64.Build.0 = Release|Any CPU
		{6E52B6C9-3647-4D17-B2D0-2D606C6B0297}.Release|x64.ActiveCfg = Release|Any CPU
		{6E52B6C9-3647-4D17-B2D0-2D606C6B0297}.Release|x64.Build.0 = Release|Any CPU
		{6E52B6C9-3647-4D17-B2D0-2D606C6B0297}.Release|x86.ActiveCfg = Release|Any CPU
		{6E52B6C9-3647-4D17-B2D0-2D606C6B0297}.Release|x86.Build.0 = Release|Any CPU
		{AAD890F0-090D-46D0-A64A-45882EA81F3C}.Debug|Any CPU.ActiveCfg = Debug|Any CPU
		{AAD890F0-090D-46D0-A64A-45882EA81F3C}.Debug|Any CPU.Build.0 = Debug|Any CPU
		{AAD890F0-090D-46D0-A64A-45882EA81F3C}.Debug|ARM.ActiveCfg = Debug|Any CPU
		{AAD890F0-090D-46D0-A64A-45882EA81F3C}.Debug|ARM.Build.0 = Debug|Any CPU
		{AAD890F0-090D-46D0-A64A-45882EA81F3C}.Debug|ARM64.ActiveCfg = Debug|Any CPU
		{AAD890F0-090D-46D0-A64A-45882EA81F3C}.Debug|ARM64.Build.0 = Debug|Any CPU
		{AAD890F0-090D-46D0-A64A-45882EA81F3C}.Debug|x64.ActiveCfg = Debug|Any CPU
		{AAD890F0-090D-46D0-A64A-45882EA81F3C}.Debug|x64.Build.0 = Debug|Any CPU
		{AAD890F0-090D-46D0-A64A-45882EA81F3C}.Debug|x86.ActiveCfg = Debug|Any CPU
		{AAD890F0-090D-46D0-A64A-45882EA81F3C}.Debug|x86.Build.0 = Debug|Any CPU
		{AAD890F0-090D-46D0-A64A-45882EA81F3C}.Release|Any CPU.ActiveCfg = Release|Any CPU
		{AAD890F0-090D-46D0-A64A-45882EA81F3C}.Release|Any CPU.Build.0 = Release|Any CPU
		{AAD890F0-090D-46D0-A64A-45882EA81F3C}.Release|ARM.ActiveCfg = Release|Any CPU
		{AAD890F0-090D-46D0-A64A-45882EA81F3C}.Release|ARM.Build.0 = Release|Any CPU
		{AAD890F0-090D-46D0-A64A-45882EA81F3C}.Release|ARM64.ActiveCfg = Release|Any CPU
		{AAD890F0-090D-46D0-A64A-45882EA81F3C}.Release|ARM64.Build.0 = Release|Any CPU
		{AAD890F0-090D-46D0-A64A-45882EA81F3C}.Release|x64.ActiveCfg = Release|Any CPU
		{AAD890F0-090D-46D0-A64A-45882EA81F3C}.Release|x64.Build.0 = Release|Any CPU
		{AAD890F0-090D-46D0-A64A-45882EA81F3C}.Release|x86.ActiveCfg = Release|Any CPU
		{AAD890F0-090D-46D0-A64A-45882EA81F3C}.Release|x86.Build.0 = Release|Any CPU
		{5B44C21E-95F7-4B96-A923-4149B742A296}.Debug|Any CPU.ActiveCfg = Debug|Any CPU
		{5B44C21E-95F7-4B96-A923-4149B742A296}.Debug|Any CPU.Build.0 = Debug|Any CPU
		{5B44C21E-95F7-4B96-A923-4149B742A296}.Debug|ARM.ActiveCfg = Debug|Any CPU
		{5B44C21E-95F7-4B96-A923-4149B742A296}.Debug|ARM.Build.0 = Debug|Any CPU
		{5B44C21E-95F7-4B96-A923-4149B742A296}.Debug|ARM64.ActiveCfg = Debug|Any CPU
		{5B44C21E-95F7-4B96-A923-4149B742A296}.Debug|ARM64.Build.0 = Debug|Any CPU
		{5B44C21E-95F7-4B96-A923-4149B742A296}.Debug|x64.ActiveCfg = Debug|Any CPU
		{5B44C21E-95F7-4B96-A923-4149B742A296}.Debug|x64.Build.0 = Debug|Any CPU
		{5B44C21E-95F7-4B96-A923-4149B742A296}.Debug|x86.ActiveCfg = Debug|Any CPU
		{5B44C21E-95F7-4B96-A923-4149B742A296}.Debug|x86.Build.0 = Debug|Any CPU
		{5B44C21E-95F7-4B96-A923-4149B742A296}.Release|Any CPU.ActiveCfg = Release|Any CPU
		{5B44C21E-95F7-4B96-A923-4149B742A296}.Release|Any CPU.Build.0 = Release|Any CPU
		{5B44C21E-95F7-4B96-A923-4149B742A296}.Release|ARM.ActiveCfg = Release|Any CPU
		{5B44C21E-95F7-4B96-A923-4149B742A296}.Release|ARM.Build.0 = Release|Any CPU
		{5B44C21E-95F7-4B96-A923-4149B742A296}.Release|ARM64.ActiveCfg = Release|Any CPU
		{5B44C21E-95F7-4B96-A923-4149B742A296}.Release|ARM64.Build.0 = Release|Any CPU
		{5B44C21E-95F7-4B96-A923-4149B742A296}.Release|x64.ActiveCfg = Release|Any CPU
		{5B44C21E-95F7-4B96-A923-4149B742A296}.Release|x64.Build.0 = Release|Any CPU
		{5B44C21E-95F7-4B96-A923-4149B742A296}.Release|x86.ActiveCfg = Release|Any CPU
		{5B44C21E-95F7-4B96-A923-4149B742A296}.Release|x86.Build.0 = Release|Any CPU
		{F60F56C6-D202-4A47-A782-4FB2463CA483}.Debug|Any CPU.ActiveCfg = Debug|Any CPU
		{F60F56C6-D202-4A47-A782-4FB2463CA483}.Debug|Any CPU.Build.0 = Debug|Any CPU
		{F60F56C6-D202-4A47-A782-4FB2463CA483}.Debug|ARM.ActiveCfg = Debug|Any CPU
		{F60F56C6-D202-4A47-A782-4FB2463CA483}.Debug|ARM.Build.0 = Debug|Any CPU
		{F60F56C6-D202-4A47-A782-4FB2463CA483}.Debug|ARM64.ActiveCfg = Debug|Any CPU
		{F60F56C6-D202-4A47-A782-4FB2463CA483}.Debug|ARM64.Build.0 = Debug|Any CPU
		{F60F56C6-D202-4A47-A782-4FB2463CA483}.Debug|x64.ActiveCfg = Debug|Any CPU
		{F60F56C6-D202-4A47-A782-4FB2463CA483}.Debug|x64.Build.0 = Debug|Any CPU
		{F60F56C6-D202-4A47-A782-4FB2463CA483}.Debug|x86.ActiveCfg = Debug|Any CPU
		{F60F56C6-D202-4A47-A782-4FB2463CA483}.Debug|x86.Build.0 = Debug|Any CPU
		{F60F56C6-D202-4A47-A782-4FB2463CA483}.Release|Any CPU.ActiveCfg = Release|Any CPU
		{F60F56C6-D202-4A47-A782-4FB2463CA483}.Release|Any CPU.Build.0 = Release|Any CPU
		{F60F56C6-D202-4A47-A782-4FB2463CA483}.Release|ARM.ActiveCfg = Release|Any CPU
		{F60F56C6-D202-4A47-A782-4FB2463CA483}.Release|ARM.Build.0 = Release|Any CPU
		{F60F56C6-D202-4A47-A782-4FB2463CA483}.Release|ARM64.ActiveCfg = Release|Any CPU
		{F60F56C6-D202-4A47-A782-4FB2463CA483}.Release|ARM64.Build.0 = Release|Any CPU
		{F60F56C6-D202-4A47-A782-4FB2463CA483}.Release|x64.ActiveCfg = Release|Any CPU
		{F60F56C6-D202-4A47-A782-4FB2463CA483}.Release|x64.Build.0 = Release|Any CPU
		{F60F56C6-D202-4A47-A782-4FB2463CA483}.Release|x86.ActiveCfg = Release|Any CPU
		{F60F56C6-D202-4A47-A782-4FB2463CA483}.Release|x86.Build.0 = Release|Any CPU
		{989FD3C3-88D9-437B-AC9F-532990245F57}.Debug|Any CPU.ActiveCfg = Debug|Any CPU
		{989FD3C3-88D9-437B-AC9F-532990245F57}.Debug|Any CPU.Build.0 = Debug|Any CPU
		{989FD3C3-88D9-437B-AC9F-532990245F57}.Debug|ARM.ActiveCfg = Debug|Any CPU
		{989FD3C3-88D9-437B-AC9F-532990245F57}.Debug|ARM.Build.0 = Debug|Any CPU
		{989FD3C3-88D9-437B-AC9F-532990245F57}.Debug|ARM64.ActiveCfg = Debug|Any CPU
		{989FD3C3-88D9-437B-AC9F-532990245F57}.Debug|ARM64.Build.0 = Debug|Any CPU
		{989FD3C3-88D9-437B-AC9F-532990245F57}.Debug|x64.ActiveCfg = Debug|Any CPU
		{989FD3C3-88D9-437B-AC9F-532990245F57}.Debug|x64.Build.0 = Debug|Any CPU
		{989FD3C3-88D9-437B-AC9F-532990245F57}.Debug|x86.ActiveCfg = Debug|Any CPU
		{989FD3C3-88D9-437B-AC9F-532990245F57}.Debug|x86.Build.0 = Debug|Any CPU
		{989FD3C3-88D9-437B-AC9F-532990245F57}.Release|Any CPU.ActiveCfg = Release|Any CPU
		{989FD3C3-88D9-437B-AC9F-532990245F57}.Release|Any CPU.Build.0 = Release|Any CPU
		{989FD3C3-88D9-437B-AC9F-532990245F57}.Release|ARM.ActiveCfg = Release|Any CPU
		{989FD3C3-88D9-437B-AC9F-532990245F57}.Release|ARM.Build.0 = Release|Any CPU
		{989FD3C3-88D9-437B-AC9F-532990245F57}.Release|ARM64.ActiveCfg = Release|Any CPU
		{989FD3C3-88D9-437B-AC9F-532990245F57}.Release|ARM64.Build.0 = Release|Any CPU
		{989FD3C3-88D9-437B-AC9F-532990245F57}.Release|x64.ActiveCfg = Release|Any CPU
		{989FD3C3-88D9-437B-AC9F-532990245F57}.Release|x64.Build.0 = Release|Any CPU
		{989FD3C3-88D9-437B-AC9F-532990245F57}.Release|x86.ActiveCfg = Release|Any CPU
		{989FD3C3-88D9-437B-AC9F-532990245F57}.Release|x86.Build.0 = Release|Any CPU
		{79988150-618D-48B4-B03E-41256CE50096}.Debug|Any CPU.ActiveCfg = Debug|Any CPU
		{79988150-618D-48B4-B03E-41256CE50096}.Debug|Any CPU.Build.0 = Debug|Any CPU
		{79988150-618D-48B4-B03E-41256CE50096}.Debug|ARM.ActiveCfg = Debug|Any CPU
		{79988150-618D-48B4-B03E-41256CE50096}.Debug|ARM.Build.0 = Debug|Any CPU
		{79988150-618D-48B4-B03E-41256CE50096}.Debug|ARM64.ActiveCfg = Debug|Any CPU
		{79988150-618D-48B4-B03E-41256CE50096}.Debug|ARM64.Build.0 = Debug|Any CPU
		{79988150-618D-48B4-B03E-41256CE50096}.Debug|x64.ActiveCfg = Debug|Any CPU
		{79988150-618D-48B4-B03E-41256CE50096}.Debug|x64.Build.0 = Debug|Any CPU
		{79988150-618D-48B4-B03E-41256CE50096}.Debug|x86.ActiveCfg = Debug|Any CPU
		{79988150-618D-48B4-B03E-41256CE50096}.Debug|x86.Build.0 = Debug|Any CPU
		{79988150-618D-48B4-B03E-41256CE50096}.Release|Any CPU.ActiveCfg = Release|Any CPU
		{79988150-618D-48B4-B03E-41256CE50096}.Release|Any CPU.Build.0 = Release|Any CPU
		{79988150-618D-48B4-B03E-41256CE50096}.Release|ARM.ActiveCfg = Release|Any CPU
		{79988150-618D-48B4-B03E-41256CE50096}.Release|ARM.Build.0 = Release|Any CPU
		{79988150-618D-48B4-B03E-41256CE50096}.Release|ARM64.ActiveCfg = Release|Any CPU
		{79988150-618D-48B4-B03E-41256CE50096}.Release|ARM64.Build.0 = Release|Any CPU
		{79988150-618D-48B4-B03E-41256CE50096}.Release|x64.ActiveCfg = Release|Any CPU
		{79988150-618D-48B4-B03E-41256CE50096}.Release|x64.Build.0 = Release|Any CPU
		{79988150-618D-48B4-B03E-41256CE50096}.Release|x86.ActiveCfg = Release|Any CPU
		{79988150-618D-48B4-B03E-41256CE50096}.Release|x86.Build.0 = Release|Any CPU
		{E51C1DD9-D483-408B-BEC8-D2A7B0470ECC}.Debug|Any CPU.ActiveCfg = Debug|Any CPU
		{E51C1DD9-D483-408B-BEC8-D2A7B0470ECC}.Debug|Any CPU.Build.0 = Debug|Any CPU
		{E51C1DD9-D483-408B-BEC8-D2A7B0470ECC}.Debug|ARM.ActiveCfg = Debug|Any CPU
		{E51C1DD9-D483-408B-BEC8-D2A7B0470ECC}.Debug|ARM.Build.0 = Debug|Any CPU
		{E51C1DD9-D483-408B-BEC8-D2A7B0470ECC}.Debug|ARM64.ActiveCfg = Debug|Any CPU
		{E51C1DD9-D483-408B-BEC8-D2A7B0470ECC}.Debug|ARM64.Build.0 = Debug|Any CPU
		{E51C1DD9-D483-408B-BEC8-D2A7B0470ECC}.Debug|x64.ActiveCfg = Debug|Any CPU
		{E51C1DD9-D483-408B-BEC8-D2A7B0470ECC}.Debug|x64.Build.0 = Debug|Any CPU
		{E51C1DD9-D483-408B-BEC8-D2A7B0470ECC}.Debug|x86.ActiveCfg = Debug|Any CPU
		{E51C1DD9-D483-408B-BEC8-D2A7B0470ECC}.Debug|x86.Build.0 = Debug|Any CPU
		{E51C1DD9-D483-408B-BEC8-D2A7B0470ECC}.Release|Any CPU.ActiveCfg = Release|Any CPU
		{E51C1DD9-D483-408B-BEC8-D2A7B0470ECC}.Release|Any CPU.Build.0 = Release|Any CPU
		{E51C1DD9-D483-408B-BEC8-D2A7B0470ECC}.Release|ARM.ActiveCfg = Release|Any CPU
		{E51C1DD9-D483-408B-BEC8-D2A7B0470ECC}.Release|ARM.Build.0 = Release|Any CPU
		{E51C1DD9-D483-408B-BEC8-D2A7B0470ECC}.Release|ARM64.ActiveCfg = Release|Any CPU
		{E51C1DD9-D483-408B-BEC8-D2A7B0470ECC}.Release|ARM64.Build.0 = Release|Any CPU
		{E51C1DD9-D483-408B-BEC8-D2A7B0470ECC}.Release|x64.ActiveCfg = Release|Any CPU
		{E51C1DD9-D483-408B-BEC8-D2A7B0470ECC}.Release|x64.Build.0 = Release|Any CPU
		{E51C1DD9-D483-408B-BEC8-D2A7B0470ECC}.Release|x86.ActiveCfg = Release|Any CPU
		{E51C1DD9-D483-408B-BEC8-D2A7B0470ECC}.Release|x86.Build.0 = Release|Any CPU
	EndGlobalSection
	GlobalSection(SolutionProperties) = preSolution
		HideSolutionNode = FALSE
	EndGlobalSection
	GlobalSection(ExtensibilityGlobals) = postSolution
		SolutionGuid = {F8A291B5-A166-4251-93FC-2F79F0F1A91B}
	EndGlobalSection
EndGlobal
